{
  "version": 4,
  "terraform_version": "1.12.2",
  "serial": 7,
  "lineage": "0762e675-3bf1-9ad8-bb17-aa5979150eec",
  "outputs": {
    "artifact_registry_image": {
      "value": "us-central1-docker.pkg.dev/offer-ranker-api/offers/offer-ranker-api:latest",
      "type": "string"
    },
    "cloud_run_service_name": {
      "value": "offer-ranker-api",
      "type": "string"
    },
    "cloud_run_url": {
      "value": "https://offer-ranker-api-sxhigxckva-uc.a.run.app",
      "type": "string"
    },
    "project_id": {
      "value": "offer-ranker-api",
      "type": "string"
    },
    "region": {
      "value": "us-central1",
      "type": "string"
    }
  },
  "resources": [
    {
      "mode": "managed",
      "type": "google_cloud_run_v2_service",
      "name": "offer_api",
      "provider": "provider[\"registry.terraform.io/hashicorp/google\"]",
      "instances": [
        {
          "schema_version": 0,
          "attributes": {
            "annotations": null,
            "binary_authorization": [],
            "client": "",
            "client_version": "",
            "conditions": [
              {
                "execution_reason": "",
                "last_transition_time": "2025-11-15T17:36:36.615544Z",
                "message": "",
                "reason": "",
                "revision_reason": "",
                "severity": "",
                "state": "CONDITION_SUCCEEDED",
                "type": "RoutesReady"
              },
              {
                "execution_reason": "",
                "last_transition_time": "2025-11-15T17:36:36.379862Z",
                "message": "",
                "reason": "",
                "revision_reason": "",
                "severity": "",
                "state": "CONDITION_SUCCEEDED",
                "type": "ConfigurationsReady"
              }
            ],
            "create_time": "2025-11-15T17:36:12.850129Z",
            "creator": "muhammad.abdullah.0913@gmail.com",
            "custom_audiences": null,
            "delete_time": "",
            "description": "",
            "effective_annotations": {},
            "effective_labels": {},
            "etag": "\"CIz04sgGEOjgr5UD/cHJvamVjdHMvb2ZmZXItcmFua2VyLWFwaS9sb2NhdGlvbnMvdXMtY2VudHJhbDEvc2VydmljZXMvb2ZmZXItcmFua2VyLWFwaQ\"",
            "expire_time": "",
            "generation": "1",
            "id": "projects/offer-ranker-api/locations/us-central1/services/offer-ranker-api",
            "ingress": "INGRESS_TRAFFIC_ALL",
            "labels": null,
            "last_modifier": "muhammad.abdullah.0913@gmail.com",
            "latest_created_revision": "projects/offer-ranker-api/locations/us-central1/services/offer-ranker-api/revisions/offer-ranker-api-00001-7xf",
            "latest_ready_revision": "projects/offer-ranker-api/locations/us-central1/services/offer-ranker-api/revisions/offer-ranker-api-00001-7xf",
            "launch_stage": "GA",
            "location": "us-central1",
            "name": "offer-ranker-api",
            "observed_generation": "1",
            "project": "offer-ranker-api",
            "reconciling": false,
            "template": [
              {
                "annotations": null,
                "containers": [
                  {
                    "args": null,
                    "command": null,
                    "depends_on": null,
                    "env": [
                      {
                        "name": "ENV",
                        "value": "dev",
                        "value_source": []
                      }
                    ],
                    "image": "us-central1-docker.pkg.dev/offer-ranker-api/offers/offer-ranker-api:latest",
                    "liveness_probe": [],
                    "name": "",
                    "ports": [
                      {
                        "container_port": 8080,
                        "name": "http1"
                      }
                    ],
                    "resources": [
                      {
                        "cpu_idle": true,
                        "limits": {
                          "cpu": "1000m",
                          "memory": "512Mi"
                        },
                        "startup_cpu_boost": false
                      }
                    ],
                    "startup_probe": [
                      {
                        "failure_threshold": 1,
                        "grpc": [],
                        "http_get": [],
                        "initial_delay_seconds": 0,
                        "period_seconds": 240,
                        "tcp_socket": [
                          {
                            "port": 8080
                          }
                        ],
                        "timeout_seconds": 240
                      }
                    ],
                    "volume_mounts": [],
                    "working_dir": ""
                  }
                ],
                "encryption_key": "",
                "execution_environment": "",
                "labels": null,
                "max_instance_request_concurrency": 80,
                "revision": "",
                "scaling": [
                  {
                    "max_instance_count": 3,
                    "min_instance_count": 0
                  }
                ],
                "service_account": "cloud-run-deployer@offer-ranker-api.iam.gserviceaccount.com",
                "session_affinity": false,
                "timeout": "300s",
                "volumes": [],
                "vpc_access": []
              }
            ],
            "terminal_condition": [
              {
                "execution_reason": "",
                "last_transition_time": "2025-11-15T17:36:36.661698Z",
                "message": "",
                "reason": "",
                "revision_reason": "",
                "severity": "",
                "state": "CONDITION_SUCCEEDED",
                "type": "Ready"
              }
            ],
            "terraform_labels": {},
            "timeouts": null,
            "traffic": [
              {
                "percent": 100,
                "revision": "",
                "tag": "",
                "type": "TRAFFIC_TARGET_ALLOCATION_TYPE_LATEST"
              }
            ],
            "traffic_statuses": [
              {
                "percent": 100,
                "revision": "",
                "tag": "",
                "type": "TRAFFIC_TARGET_ALLOCATION_TYPE_LATEST",
                "uri": ""
              }
            ],
            "uid": "4425cd3e-7991-43e0-8008-17498d77d6e4",
            "update_time": "2025-11-15T17:36:12.850129Z",
            "uri": "https://offer-ranker-api-sxhigxckva-uc.a.run.app"
          },
          "sensitive_attributes": [],
          "identity_schema_version": 0,
          "private": "eyJlMmJmYjczMC1lY2FhLTExZTYtOGY4OC0zNDM2M2JjN2M0YzAiOnsiY3JlYXRlIjoxMjAwMDAwMDAwMDAwLCJkZWxldGUiOjEyMDAwMDAwMDAwMDAsInVwZGF0ZSI6MTIwMDAwMDAwMDAwMH19"
        }
      ]
    },
    {
      "mode": "managed",
      "type": "google_cloud_run_v2_service_iam_member",
      "name": "invoker",
      "provider": "provider[\"registry.terraform.io/hashicorp/google\"]",
      "instances": [
        {
          "schema_version": 0,
          "attributes": {
            "condition": [],
            "etag": "BwZDpY8I+8Y=",
            "id": "projects/offer-ranker-api/locations/us-central1/services/offer-ranker-api/roles/run.invoker/allUsers",
            "location": "us-central1",
            "member": "allUsers",
            "name": "projects/offer-ranker-api/locations/us-central1/services/offer-ranker-api",
            "project": "offer-ranker-api",
            "role": "roles/run.invoker"
          },
          "sensitive_attributes": [],
          "identity_schema_version": 0,
          "private": "bnVsbA==",
          "dependencies": [
            "google_cloud_run_v2_service.offer_api"
          ]
        }
      ]
    }
  ],
  "check_results": null
}
